// !$*UTF8*$!
{
	archiveVersion = 1;
	classes = {
	};
	objectVersion = 46;
	objects = {

/* Begin PBXBuildFile section */
		4343C18A1E17674800A35BEA /* AppDelegate.swift in Sources */ = {isa = PBXBuildFile; fileRef = 4343C1891E17674800A35BEA /* AppDelegate.swift */; };
		4343C18C1E17674800A35BEA /* ViewController.swift in Sources */ = {isa = PBXBuildFile; fileRef = 4343C18B1E17674800A35BEA /* ViewController.swift */; };
		4343C18F1E17674800A35BEA /* Main.storyboard in Resources */ = {isa = PBXBuildFile; fileRef = 4343C18D1E17674800A35BEA /* Main.storyboard */; };
		4343C1911E17674800A35BEA /* Assets.xcassets in Resources */ = {isa = PBXBuildFile; fileRef = 4343C1901E17674800A35BEA /* Assets.xcassets */; };
		4343C1941E17674800A35BEA /* LaunchScreen.storyboard in Resources */ = {isa = PBXBuildFile; fileRef = 4343C1921E17674800A35BEA /* LaunchScreen.storyboard */; };
/* End PBXBuildFile section */

/* Begin PBXFileReference section */
		4343C1861E17674800A35BEA /* Scorekeeper.app */ = {isa = PBXFileReference; explicitFileType = wrapper.application; includeInIndex = 0; path = Scorekeeper.app; sourceTree = BUILT_PRODUCTS_DIR; };
		4343C1891E17674800A35BEA /* AppDelegate.swift */ = {isa = PBXFileReference; lastKnownFileType = sourcecode.swift; path = AppDelegate.swift; sourceTree = "<group>"; };
		4343C18B1E17674800A35BEA /* ViewController.swift */ = {isa = PBXFileReference; lastKnownFileType = sourcecode.swift; path = ViewController.swift; sourceTree = "<group>"; };
		4343C18E1E17674800A35BEA /* Base */ = {isa = PBXFileReference; lastKnownFileType = file.storyboard; name = Base; path = Base.lproj/Main.storyboard; sourceTree = "<group>"; };
		4343C1901E17674800A35BEA /* Assets.xcassets */ = {isa = PBXFileReference; lastKnownFileType = folder.assetcatalog; path = Assets.xcassets; sourceTree = "<group>"; };
		4343C1931E17674800A35BEA /* Base */ = {isa = PBXFileReference; lastKnownFileType = file.storyboard; name = Base; path = Base.lproj/LaunchScreen.storyboard; sourceTree = "<group>"; };
		4343C1951E17674800A35BEA /* Info.plist */ = {isa = PBXFileReference; lastKnownFileType = text.plist.xml; path = Info.plist; sourceTree = "<group>"; };
/* End PBXFileReference section */

/* Begin PBXFrameworksBuildPhase section */
		4343C1831E17674700A35BEA /* Frameworks */ = {
			isa = PBXFrameworksBuildPhase;
			buildActionMask = 2147483647;
			files = (
			);
			runOnlyForDeploymentPostprocessing = 0;
		};
/* End PBXFrameworksBuildPhase section */

/* Begin PBXGroup section */
		4343C17D1E17674700A35BEA = {
			isa = PBXGroup;
			children = (
				4343C1881E17674800A35BEA /* Scorekeeper */,
				4343C1871E17674800A35BEA /* Products */,
			);
			sourceTree = "<group>";
		};
		4343C1871E17674800A35BEA /* Products */ = {
			isa = PBXGroup;
			children = (
				4343C1861E17674800A35BEA /* Scorekeeper.app */,
			);
			name = Products;
			sourceTree = "<group>";
		};
		4343C1881E17674800A35BEA /* Scorekeeper */ = {
			isa = PBXGroup;
			children = (
				4343C1891E17674800A35BEA /* AppDelegate.swift */,
				4343C18B1E17674800A35BEA /* ViewController.swift */,
				4343C18D1E17674800A35BEA /* Main.storyboard */,
				4343C1901E17674800A35BEA /* Assets.xcassets */,
				4343C1921E17674800A35BEA /* LaunchScreen.storyboard */,
				4343C1951E17674800A35BEA /* Info.plist */,
			);
			path = Scorekeeper;
			sourceTree = "<group>";
		};
/* End PBXGroup section */

/* Begin PBXNativeTarget section */
		4343C1851E17674700A35BEA /* Scorekeeper */ = {
			isa = PBXNativeTarget;
			buildConfigurationList = 4343C1981E17674800A35BEA /* Build configuration list for PBXNativeTarget "Scorekeeper" */;
			buildPhases = (
				4343C1821E17674700A35BEA /* Sources */,
				4343C1831E17674700A35BEA /* Frameworks */,
				4343C1841E17674700A35BEA /* Resources */,
			);
			buildRules = (
			);
			dependencies = (
			);
			name = Scorekeeper;
			productName = Scorekeeper;
			productReference = 4343C1861E17674800A35BEA /* Scorekeeper.app */;
			productType = "com.apple.product-type.application";
		};
/* End PBXNativeTarget section */

/* Begin PBXProject section */
		4343C17E1E17674700A35BEA /* Project object */ = {
			isa = PBXProject;
			attributes = {
				LastSwiftUpdateCheck = 0820;
				LastUpgradeCheck = 0820;
				ORGANIZATIONNAME = "Nate Thompson";
				TargetAttributes = {
					4343C1851E17674700A35BEA = {
						CreatedOnToolsVersion = 8.2.1;
						DevelopmentTeam = YT2C78F725;
						ProvisioningStyle = Automatic;
					};
				};
			};
			buildConfigurationList = 4343C1811E17674700A35BEA /* Build configuration list for PBXProject "Scorekeeper" */;
			compatibilityVersion = "Xcode 3.2";
			developmentRegion = English;
			hasScannedForEncodings = 0;
			knownRegions = (
				en,
				Base,
			);
			mainGroup = 4343C17D1E17674700A35BEA;
			productRefGroup = 4343C1871E17674800A35BEA /* Products */;
			projectDirPath = "";
			projectRoot = "";
			targets = (
				4343C1851E17674700A35BEA /* Scorekeeper */,
			);
		};
/* End PBXProject section */

/* Begin PBXResourcesBuildPhase section */
		4343C1841E17674700A35BEA /* Resources */ = {
			isa = PBXResourcesBuildPhase;
			buildActionMask = 2147483647;
			files = (
				4343C1941E17674800A35BEA /* LaunchScreen.storyboard in Resources */,
				4343C1911E17674800A35BEA /* Assets.xcassets in Resources */,
				4343C18F1E17674800A35BEA /* Main.storyboard in Resources */,
			);
			runOnlyForDeploymentPostprocessing = 0;
		};
/* End PBXResourcesBuildPhase section */

/* Begin PBXSourcesBuildPhase section */
		4343C1821E17674700A35BEA /* Sources */ = {
			isa = PBXSourcesBuildPhase;
			buildActionMask = 2147483647;
			files = (
				4343C18C1E17674800A35BEA /* ViewController.swift in Sources */,
				4343C18A1E17674800A35BEA /* AppDelegate.swift in Sources */,
			);
			runOnlyForDeploymentPostprocessing = 0;
		};
/* End PBXSourcesBuildPhase section */

/* Begin PBXVariantGroup section */
		4343C18D1E17674800A35BEA /* Main.storyboard */ = {
			isa = PBXVariantGroup;
			children = (
				4343C18E1E17674800A35BEA /* Base */,
			);
			name = Main.storyboard;
			sourceTree = "<group>";
		};
		4343C1921E17674800A35BEA /* LaunchScreen.storyboard */ = {
			isa = PBXVariantGroup;
			children = (
				4343C1931E17674800A35BEA /* Base */,
			);
			name = LaunchScreen.storyboard;
			sourceTree = "<group>";
		};
/* End PBXVariantGroup section */

/* Begin XCBuildConfiguration section */
		4343C1961E17674800A35BEA /* Debug */ = {
			isa = XCBuildConfiguration;
			buildSettings = {
				ALWAYS_SEARCH_USER_PATHS = NO;
				CLANG_ANALYZER_NONNULL = YES;
				CLANG_CXX_LANGUAGE_STANDARD = "gnu++0x";
				CLANG_CXX_LIBRARY = "libc++";
				CLANG_ENABLE_MODULES = YES;
				CLANG_ENABLE_OBJC_ARC = YES;
				CLANG_WARN_BOOL_CONVERSION = YES;
				CLANG_WARN_CONSTANT_CONVERSION = YES;
				CLANG_WARN_DIRECT_OBJC_ISA_USAGE = YES_ERROR;
				CLANG_WARN_DOCUMENTATION_COMMENTS = YES;
				CLANG_WARN_EMPTY_BODY = YES;
				CLANG_WARN_ENUM_CONVERSION = YES;
				CLANG_WARN_INFINITE_RECURSION = YES;
				CLANG_WARN_INT_CONVERSION = YES;
				CLANG_WARN_OBJC_ROOT_CLASS = YES_ERROR;
				CLANG_WARN_SUSPICIOUS_MOVE = YES;
				CLANG_WARN_UNREACHABLE_CODE = YES;
				CLANG_WARN__DUPLICATE_METHOD_MATCH = YES;
				"CODE_SIGN_IDENTITY[sdk=iphoneos*]" = "iPhone Developer";
				COPY_PHASE_STRIP = NO;
				DEBUG_INFORMATION_FORMAT = dwarf;
				ENABLE_STRICT_OBJC_MSGSEND = YES;
				ENABLE_TESTABILITY = YES;
				GCC_C_LANGUAGE_STANDARD = gnu99;
				GCC_DYNAMIC_NO_PIC = NO;
				GCC_NO_COMMON_BLOCKS = YES;
				GCC_OPTIMIZATION_LEVEL = 0;
				GCC_PREPROCESSOR_DEFINITIONS = (
					"DEBUG=1",
					"$(inherited)",
				);
				GCC_WARN_64_TO_32_BIT_CONVERSION = YES;
				GCC_WARN_ABOUT_RETURN_TYPE = YES_ERROR;
				GCC_WARN_UNDECLARED_SELECTOR = YES;
				GCC_WARN_UNINITIALIZED_AUTOS = YES_AGGRESSIVE;
				GCC_WARN_UNUSED_FUNCTION = YES;
				GCC_WARN_UNUSED_VARIABLE = YES;
				IPHONEOS_DEPLOYMENT_TARGET = 10.2;
				MTL_ENABLE_DEBUG_INFO = YES;
				ONLY_ACTIVE_ARCH = YES;
				SDKROOT = iphoneos;
				SWIFT_ACTIVE_COMPILATION_CONDITIONS = DEBUG;
				SWIFT_OPTIMIZATION_LEVEL = "-Onone";
				TARGETED_DEVICE_FAMILY = "1,2";
			};
			name = Debug;
		};
		4343C1971E17674800A35BEA /* Release */ = {
			isa = XCBuildConfiguration;
			buildSettings = {
				ALWAYS_SEARCH_USER_PATHS = NO;
				CLANG_ANALYZER_NONNULL = YES;
				CLANG_CXX_LANGUAGE_STANDARD = "gnu++0x";
				CLANG_CXX_LIBRARY = "libc++";
				CLANG_ENABLE_MODULES = YES;
				CLANG_ENABLE_OBJC_ARC = YES;
				CLANG_WARN_BOOL_CONVERSION = YES;
				CLANG_WARN_CONSTANT_CONVERSION = YES;
				CLANG_WARN_DIRECT_OBJC_ISA_USAGE = YES_ERROR;
				CLANG_WARN_DOCUMENTATION_COMMENTS = YES;
				CLANG_WARN_EMPTY_BODY = YES;
				CLANG_WARN_ENUM_CONVERSION = YES;
				CLANG_WARN_INFINITE_RECURSION = YES;
				CLANG_WARN_INT_CONVERSION = YES;
				CLANG_WARN_OBJC_ROOT_CLASS = YES_ERROR;
				CLANG_WARN_SUSPICIOUS_MOVE = YES;
				CLANG_WARN_UNREACHABLE_CODE = YES;
				CLANG_WARN__DUPLICATE_METHOD_MATCH = YES;
				"CODE_SIGN_IDENTITY[sdk=iphoneos*]" = "iPhone Developer";
				COPY_PHASE_STRIP = NO;
				DEBUG_INFORMATION_FORMAT = "dwarf-with-dsym";
				ENABLE_NS_ASSERTIONS = NO;
				ENABLE_STRICT_OBJC_MSGSEND = YES;
				GCC_C_LANGUAGE_STANDARD = gnu99;
				GCC_NO_COMMON_BLOCKS = YES;
				GCC_WARN_64_TO_32_BIT_CONVERSION = YES;
				GCC_WARN_ABOUT_RETURN_TYPE = YES_ERROR;
				GCC_WARN_UNDECLARED_SELECTOR = YES;
				GCC_WARN_UNINITIALIZED_AUTOS = YES_AGGRESSIVE;
				GCC_WARN_UNUSED_FUNCTION = YES;
				GCC_WARN_UNUSED_VARIABLE = YES;
				IPHONEOS_DEPLOYMENT_TARGET = 10.2;
				MTL_ENABLE_DEBUG_INFO = NO;
				SDKROOT = iphoneos;
				SWIFT_OPTIMIZATION_LEVEL = "-Owholemodule";
				TARGETED_DEVICE_FAMILY = "1,2";
				VALIDATE_PRODUCT = YES;
			};
			name = Release;
		};
		4343C1991E17674800A35BEA /* Debug */ = {
			isa = XCBuildConfiguration;
			buildSettings = {
				ASSETCATALOG_COMPILER_APPICON_NAME = AppIcon;
				DEVELOPMENT_TEAM = YT2C78F725;
				INFOPLIST_FILE = Scorekeeper/Info.plist;
				LD_RUNPATH_SEARCH_PATHS = "$(inherited) @executable_path/Frameworks";
				PRODUCT_BUNDLE_IDENTIFIER = io.natethompson.Scorekeeper;
				PRODUCT_NAME = "$(TARGET_NAME)";
				SWIFT_VERSION = 3.0;
			};
			name = Debug;
		};
		4343C19A1E17674800A35BEA /* Release */ = {
			isa = XCBuildConfiguration;
			buildSettings = {
				ASSETCATALOG_COMPILER_APPICON_NAME = AppIcon;
				DEVELOPMENT_TEAM = YT2C78F725;
				INFOPLIST_FILE = Scorekeeper/Info.plist;
				LD_RUNPATH_SEARCH_PATHS = "$(inherited) @executable_path/Frameworks";
				PRODUCT_BUNDLE_IDENTIFIER = io.natethompson.Scorekeeper;
				PRODUCT_NAME = "$(TARGET_NAME)";
				SWIFT_VERSION = 3.0;
			};
			name = Release;
		};
/* End XCBuildConfiguration section */

/* Begin XCConfigurationList section */
		4343C1811E17674700A35BEA /* Build configuration list for PBXProject "Scorekeeper" */ = {
			isa = XCConfigurationList;
			buildConfigurations = (
				4343C1961E17674800A35BEA /* Debug */,
				4343C1971E17674800A35BEA /* Release */,
			);
			defaultConfigurationIsVisible = 0;
			defaultConfigurationName = Release;
		};
		4343C1981E17674800A35BEA /* Build configuration list for PBXNativeTarget "Scorekeeper" */ = {
			isa = XCConfigurationList;
			buildConfigurations = (
				4343C1991E17674800A35BEA /* Debug */,
				4343C19A1E17674800A35BEA /* Release */,
			);
			defaultConfigurationIsVisible = 0;
		};
/* End XCConfigurationList section */
	};
	rootObject = 4343C17E1E17674700A35BEA /* Project object */;
}
